<Solution>
  <Folder Name="/src/">
    <Project Path="src/IntegrationHub.Api/IntegrationHub.Api.csproj" />
    <Project Path="src/IntegrationHub.Application/IntegrationHub.Application.csproj" />
    <Project Path="src/IntegrationHub.Domain/IntegrationHub.Domain.csproj" />
    <Project Path="src/IntegrationHub.Infrastructure/IntegrationHub.Infrastructure.csproj" />
    <Project Path="src/IntegrationHub.Worker/IntegrationHub.Worker.csproj" />
  </Folder>
</Solution>
